
Microsoft Visual Studio Solution File, Format Version 12.00
# Visual Studio Version 16
VisualStudioVersion = 16.0.32510.428
MinimumVisualStudioVersion = 10.0.40219.1
Project("{FAE04EC0-301F-11D3-BF4B-00C04F79EFBC}") = "Entities", "Entities\Entities.csproj", "{FE3A1E94-1BAA-4850-9DE9-84923263FC0E}"
EndProject
Project("{FAE04EC0-301F-11D3-BF4B-00C04F79EFBC}") = "DataAccess", "DataAccess\DataAccess.csproj", "{319AF7F5-55E2-4296-B915-AB1944C8037E}"
EndProject
Project("{FAE04EC0-301F-11D3-BF4B-00C04F79EFBC}") = "Core", "Core\Core.csproj", "{AC243CD8-FAF1-41A9-8C84-B8C3AC148CB7}"
EndProject
Project("{FAE04EC0-301F-11D3-BF4B-00C04F79EFBC}") = "Business", "Business\Business.csproj", "{008CDBD8-8604-4E48-BEA1-E4F46EA74842}"
EndProject
Project("{FAE04EC0-301F-11D3-BF4B-00C04F79EFBC}") = "WebUIMVC", "WebUIMVC\WebUIMVC.csproj", "{E8028C07-0980-4B8C-99A0-A6A3DC85DC67}"
EndProject
Global
	GlobalSection(SolutionConfigurationPlatforms) = preSolution
		Debug|Any CPU = Debug|Any CPU
		Release|Any CPU = Release|Any CPU
	EndGlobalSection
	GlobalSection(ProjectConfigurationPlatforms) = postSolution
		{FE3A1E94-1BAA-4850-9DE9-84923263FC0E}.Debug|Any CPU.ActiveCfg = Debug|Any CPU
		{FE3A1E94-1BAA-4850-9DE9-84923263FC0E}.Debug|Any CPU.Build.0 = Debug|Any CPU
		{FE3A1E94-1BAA-4850-9DE9-84923263FC0E}.Release|Any CPU.ActiveCfg = Release|Any CPU
		{FE3A1E94-1BAA-4850-9DE9-84923263FC0E}.Release|Any CPU.Build.0 = Release|Any CPU
		{319AF7F5-55E2-4296-B915-AB1944C8037E}.Debug|Any CPU.ActiveCfg = Debug|Any CPU
		{319AF7F5-55E2-4296-B915-AB1944C8037E}.Debug|Any CPU.Build.0 = Debug|Any CPU
		{319AF7F5-55E2-4296-B915-AB1944C8037E}.Release|Any CPU.ActiveCfg = Release|Any CPU
		{319AF7F5-55E2-4296-B915-AB1944C8037E}.Release|Any CPU.Build.0 = Release|Any CPU
		{AC243CD8-FAF1-41A9-8C84-B8C3AC148CB7}.Debug|Any CPU.ActiveCfg = Debug|Any CPU
		{AC243CD8-FAF1-41A9-8C84-B8C3AC148CB7}.Debug|Any CPU.Build.0 = Debug|Any CPU
		{AC243CD8-FAF1-41A9-8C84-B8C3AC148CB7}.Release|Any CPU.ActiveCfg = Release|Any CPU
		{AC243CD8-FAF1-41A9-8C84-B8C3AC148CB7}.Release|Any CPU.Build.0 = Release|Any CPU
		{008CDBD8-8604-4E48-BEA1-E4F46EA74842}.Debug|Any CPU.ActiveCfg = Debug|Any CPU
		{008CDBD8-8604-4E48-BEA1-E4F46EA74842}.Debug|Any CPU.Build.0 = Debug|Any CPU
		{008CDBD8-8604-4E48-BEA1-E4F46EA74842}.Release|Any CPU.ActiveCfg = Release|Any CPU
		{008CDBD8-8604-4E48-BEA1-E4F46EA74842}.Release|Any CPU.Build.0 = Release|Any CPU
		{E8028C07-0980-4B8C-99A0-A6A3DC85DC67}.Debug|Any CPU.ActiveCfg = Debug|Any CPU
		{E8028C07-0980-4B8C-99A0-A6A3DC85DC67}.Debug|Any CPU.Build.0 = Debug|Any CPU
		{E8028C07-0980-4B8C-99A0-A6A3DC85DC67}.Release|Any CPU.ActiveCfg = Release|Any CPU
		{E8028C07-0980-4B8C-99A0-A6A3DC85DC67}.Release|Any CPU.Build.0 = Release|Any CPU
	EndGlobalSection
	GlobalSection(SolutionProperties) = preSolution
		HideSolutionNode = FALSE
	EndGlobalSection
	GlobalSection(ExtensibilityGlobals) = postSolution
		SolutionGuid = {AF7ACF08-1BC7-4D6C-AC30-7CFE4E289285}
	EndGlobalSection
EndGlobal
